hash: 8890eae336deba9f3d7143f70ce90e547175e7b4757ad04e7181732e76cef6d9
updated: 2018-09-15T21:33:12.07637236+07:00
imports:
- name: cloud.google.com/go
  version: c728a003b238b26cef9ab6753a5dc424b331c3ad
  subpackages:
  - datastore
  - pubsub
  - storage
  - compute/metadata
- name: github.com/go-mgo/mgo
  version: 7446a0344b7872c067b3d6e1b7642571eafbae17
- name: github.com/go-sql-driver/mysql
  version: d523deb1b23d913de5bdada721a6071e71283618
- name: github.com/golang/protobuf
  version: a47340a8e42c4ceb44c00c2a05199e24b24fcaef
  subpackages:
  - proto
- name: github.com/golovers/xtract
  version: b7fe05ed4d5db2a9dafb1ef5f5ef05d617c29a35
- name: github.com/gorilla/context
  version: 08b5f424b9271eedf6f9f0ce86cb9396ed337a42
- name: github.com/gorilla/handlers
  version: 7e0847f9db758cdebd26c149d0ae9d5d0b9c98ce
- name: github.com/gorilla/mux
  version: e3702bed27f0d39777b0b37b664b6280e8ef8fbf
- name: github.com/gorilla/securecookie
  version: bb1ab76598893258e90f45d8a708a2505a95af2a
- name: github.com/gorilla/sessions
  version: 81547393f870a35be888759a606ba7bf71dbe5c7
- name: github.com/kelseyhightower/envconfig
  version: f611eb38b3875cc3bd991ca91c51d06446afa14c
- name: github.com/satori/go.uuid
  version: f58768cc1a7a7e77a3bd49e98cdd21419399b6a3
- name: github.com/sirupsen/logrus
  version: f3df9aeffda7c12bd9f5a03f9251d75d35993165
- name: gitlab.com/koffee/micro
  version: 6bf377e57a12181e0f72061b9abe4d3b0c7b63fe
  subpackages:
  - config
- name: golang.org/x/crypto
  version: 0e37d006457bf46f9e6692014ba72ef82c33022c
  subpackages:
  - ssh/terminal
- name: golang.org/x/net
  version: 26e67e76b6c3f6ce91f7c52def5af501b4e0f3a2
  subpackages:
  - context
  - html
  - context/ctxhttp
  - html/atom
- name: golang.org/x/oauth2
  version: d2e6202438beef2727060aa7cabdd924d92ebfd9
  subpackages:
  - google
  - internal
  - jws
  - jwt
- name: golang.org/x/sys
  version: d0be0721c37eeb5299f245a996a483160fc36940
  subpackages:
  - unix
  - windows
- name: google.golang.org/api
  version: 1644ed9defba3c60a9bc80d0ce82c9595f786f76
  subpackages:
  - plus/v1
  - gensupport
  - googleapi
  - googleapi/internal/uritemplates
- name: google.golang.org/appengine
  version: b1f26356af11148e710935ed1ac8a7f5702c7612
  subpackages:
  - internal
  - internal/app_identity
  - internal/modules
  - internal/base
  - internal/datastore
  - internal/log
  - internal/remote_api
  - urlfetch
  - internal/urlfetch
- name: gopkg.in/mgo.v2
  version: 9856a29383ce1c59f308dd1cf0363a79b5bef6b5
  subpackages:
  - bson
  - internal/json
  - internal/sasl
  - internal/scram
- name: gopkg.in/russross/blackfriday.v2
  version: cadec560ec52d93835bf2f15bd794700d3a2473b
testImports: []
