hash: 75f8ed7a5e9ef229f6faef1fa7ec6d8eb56728752a82688eb8a2d3b74a952d47
updated: 2018-09-27T10:54:14.771816963+07:00
imports:
- name: cloud.google.com/go
  version: afb80096eae340697e1153d7af9a5a418ba75067
  subpackages:
  - compute/metadata
- name: github.com/golang/protobuf
  version: 7716a980bceefe9a0213654823d9ea62d23b87a2
  subpackages:
  - proto
- name: github.com/golovers/xtract
  version: b7fe05ed4d5db2a9dafb1ef5f5ef05d617c29a35
- name: github.com/gorilla/context
  version: 08b5f424b9271eedf6f9f0ce86cb9396ed337a42
- name: github.com/gorilla/handlers
  version: 7e0847f9db758cdebd26c149d0ae9d5d0b9c98ce
- name: github.com/gorilla/mux
  version: e3702bed27f0d39777b0b37b664b6280e8ef8fbf
- name: github.com/gorilla/securecookie
  version: bb1ab76598893258e90f45d8a708a2505a95af2a
- name: github.com/gorilla/sessions
  version: 81547393f870a35be888759a606ba7bf71dbe5c7
- name: github.com/kelseyhightower/envconfig
  version: f611eb38b3875cc3bd991ca91c51d06446afa14c
- name: github.com/rs/xid
  version: 15d26544def341f036c5f8dca987a4cbe575032c
- name: github.com/satori/go.uuid
  version: f58768cc1a7a7e77a3bd49e98cdd21419399b6a3
- name: golang.org/x/net
  version: 4dfa2610cdf3b287375bbba5b8f2a14d3b01d8de
  subpackages:
  - context
  - context/ctxhttp
- name: golang.org/x/oauth2
  version: d2e6202438beef2727060aa7cabdd924d92ebfd9
  subpackages:
  - google
  - internal
  - jws
  - jwt
- name: google.golang.org/api
  version: 76f31e4d17c2f1190154e8fab72d772db9a59a5d
  subpackages:
  - plus/v1
  - gensupport
  - googleapi
  - googleapi/internal/uritemplates
- name: google.golang.org/appengine
  version: ae0ab99deb4dc413a2b4bd6c8bdd0eb67f1e4d06
  subpackages:
  - urlfetch
  - internal
  - internal/app_identity
  - internal/modules
  - internal/urlfetch
  - internal/base
  - internal/datastore
  - internal/log
  - internal/remote_api
- name: gopkg.in/mgo.v2
  version: 9856a29383ce1c59f308dd1cf0363a79b5bef6b5
  subpackages:
  - bson
  - internal/sasl
  - internal/scram
  - internal/json
testImports: []
