hash: 049d501c00a5f5e5a85f4ce79b8640bc86397f9879dcab0ba62e75e61ec79ae7
updated: 2018-09-15T22:21:38.205115427+07:00
imports:
- name: github.com/golang/glog
  version: 23def4e6c14b4da8ac2ed8007337bc5eb5007998
- name: github.com/golang/protobuf
  version: a47340a8e42c4ceb44c00c2a05199e24b24fcaef
  subpackages:
  - proto
  - ptypes/duration
  - ptypes/empty
  - ptypes/struct
  - ptypes/timestamp
  - ptypes/any
- name: github.com/grpc-ecosystem/grpc-gateway
  version: 589b126116b5fc961939b3e156c29e4d9d58222f
  subpackages:
  - runtime
  - third_party/googleapis/google/api
  - utilities
- name: golang.org/x/net
  version: 26e67e76b6c3f6ce91f7c52def5af501b4e0f3a2
  subpackages:
  - context
- name: google.golang.org/genproto
  version: 4b56f30a1fd96a133a036b62cdd2a249883dd89b
  subpackages:
  - googleapis/api/annotations
- name: google.golang.org/grpc
  version: d2e1b51f33ff8c5e4a15560ff049d200e83726c5
  subpackages:
  - codes
  - grpclog
testImports: []
