# This file is autogenerated, do not edit; changes may be undone by the next 'dep ensure'.


[[projects]]
  name = "cloud.google.com/go"
  packages = ["compute/metadata","iam","internal/version","pubsub","pubsub/apiv1","trace/apiv1"]
  revision = "7e0ab9f84b5d9012dc726da4b37da420a00de8ab"
  version = "v0.10.0"

[[projects]]
  branch = "master"
  name = "github.com/beorn7/perks"
  packages = ["quantile"]
  revision = "4c0e84591b9aa9e6dcfdf3e020114cd81f89d5f9"

[[projects]]
  name = "github.com/davecgh/go-spew"
  packages = ["spew"]
  revision = "6d212800a42e8ab5c146b8ace3490ee17e5225f9"

[[projects]]
  name = "github.com/dgrijalva/jwt-go"
  packages = ["."]
  revision = "d2709f9f1f31ebcda9651b03077758c1f3a0018c"
  version = "v3.0.0"

[[projects]]
  name = "github.com/gogo/protobuf"
  packages = ["proto"]
  revision = "342cbe0a04158f6dcb03ca0079991a51a4248c02"
  version = "v0.5"

[[projects]]
  name = "github.com/golang/protobuf"
  packages = ["proto","protoc-gen-go/descriptor","ptypes","ptypes/any","ptypes/duration","ptypes/empty","ptypes/timestamp"]
  revision = "6e4cc92cc905d5f4a73041c1b8228ea08f4c6147"

[[projects]]
  name = "github.com/googleapis/gax-go"
  packages = ["."]
  revision = "9af46dd5a1713e8b5cd71106287eba3cefdde50b"

[[projects]]
  branch = "master"
  name = "github.com/grpc-ecosystem/go-grpc-middleware"
  packages = [".","tags","tracing/opentracing","util/metautils"]
  revision = "6d3547c644afb325c16df96e3c7177ea6e2fdebd"

[[projects]]
  name = "github.com/grpc-ecosystem/go-grpc-prometheus"
  packages = ["."]
  revision = "6b7015e65d366bf3f19b2b2a000a831940f0f7e0"
  version = "v1.1"

[[projects]]
  name = "github.com/kelseyhightower/envconfig"
  packages = ["."]
  revision = "f611eb38b3875cc3bd991ca91c51d06446afa14c"
  version = "v1.3.0"

[[projects]]
  name = "github.com/lovoo/gcloud-opentracing"
  packages = ["."]
  revision = "9a3ba70d6a016bafc680df855bd7ed25b81fad5f"
  version = "v0.3.0"

[[projects]]
  branch = "master"
  name = "github.com/matttproud/golang_protobuf_extensions"
  packages = ["pbutil"]
  revision = "c12348ce28de40eed0136aa2b644d0ee0650e56c"

[[projects]]
  name = "github.com/opentracing/basictracer-go"
  packages = [".","wire"]
  revision = "1b32af207119a14b1b231d451df3ed04a72efebf"
  version = "v1.0.0"

[[projects]]
  name = "github.com/opentracing/opentracing-go"
  packages = [".","ext","log"]
  revision = "1949ddbfd147afd4d964a9f00b24eb291e0e7c38"
  version = "v1.0.2"

[[projects]]
  name = "github.com/pmezard/go-difflib"
  packages = ["difflib"]
  revision = "d8ed2627bdf02c080bf22230dbb337003b7aba2d"

[[projects]]
  name = "github.com/prometheus/client_golang"
  packages = ["prometheus"]
  revision = "2b3ab50dcde47cd137834c2e9e8b0f2e373b35d9"

[[projects]]
  branch = "master"
  name = "github.com/prometheus/client_model"
  packages = ["go"]
  revision = "6f3806018612930941127f2a7c6c453ba2c527d2"

[[projects]]
  name = "github.com/prometheus/common"
  packages = ["expfmt","internal/bitbucket.org/ww/goautoneg","model"]
  revision = "13ba4ddd0caa9c28ca7b7bffe1dfa9ed8d5ef207"

[[projects]]
  branch = "superq/thermal"
  name = "github.com/prometheus/procfs"
  packages = [".","xfs"]
  revision = "65c1f6f8f0fc1e2185eb9863a3bc751496404259"

[[projects]]
  name = "github.com/sirupsen/logrus"
  packages = ["."]
  revision = "ba1b36c82c5e05c4f912a88eab0dcd91a171688f"
  version = "v0.11.5"

[[projects]]
  name = "github.com/stretchr/testify"
  packages = ["assert"]
  revision = "69483b4bd14f5845b5a1e55bca19e954e827f1d0"
  version = "v1.1.4"

[[projects]]
  branch = "master"
  name = "golang.org/x/net"
  packages = ["context","context/ctxhttp","http2","http2/hpack","idna","internal/timeseries","lex/httplex","trace"]
  revision = "3da985ce5951d99de868be4385f21ea6c2b22f24"

[[projects]]
  name = "golang.org/x/oauth2"
  packages = [".","google","internal","jws","jwt"]
  revision = "f047394b6d14284165300fd82dad67edb3a4d7f6"

[[projects]]
  branch = "master"
  name = "golang.org/x/sync"
  packages = ["semaphore"]
  revision = "f52d1811a62927559de87708c8913c1650ce4f26"

[[projects]]
  name = "golang.org/x/sys"
  packages = ["unix"]
  revision = "b90f89a1e7a9c1f6b918820b3daa7f08488c8594"

[[projects]]
  name = "golang.org/x/text"
  packages = ["internal/gen","internal/triegen","internal/ucd","secure/bidirule","transform","unicode/bidi","unicode/cldr","unicode/norm","unicode/rangetable"]
  revision = "4ee4af566555f5fbe026368b75596286a312663a"

[[projects]]
  name = "google.golang.org/api"
  packages = ["googleapi/transport","internal","iterator","option","support/bundler","transport"]
  revision = "0209b31435ad4749b84ce122e669fb098f556642"

[[projects]]
  name = "google.golang.org/appengine"
  packages = [".","internal","internal/app_identity","internal/base","internal/datastore","internal/log","internal/modules","internal/remote_api","internal/socket","internal/urlfetch","socket","urlfetch"]
  revision = "a2f4131514e563cedfdb6e7d267df9ad48591e93"

[[projects]]
  name = "google.golang.org/genproto"
  packages = ["googleapis/api/annotations","googleapis/devtools/cloudtrace/v1","googleapis/iam/v1","googleapis/pubsub/v1","googleapis/rpc/status","protobuf/field_mask"]
  revision = "d80a6e20e776b0b17a324d0ba1ab50a39c8e8944"

[[projects]]
  name = "google.golang.org/grpc"
  packages = [".","codes","credentials","credentials/oauth","grpclb/grpc_lb_v1","grpclog","internal","keepalive","metadata","naming","peer","stats","status","tap","transport"]
  revision = "d2e1b51f33ff8c5e4a15560ff049d200e83726c5"
  version = "v1.3.0"

[solve-meta]
  analyzer-name = "dep"
  analyzer-version = 1
  inputs-digest = "977897b0ae59a9fd0741b40fe9644d1bed176be09eaac9d61b9aa09b6f017f46"
  solver-name = "gps-cdcl"
  solver-version = 1
